PODS:
  - AppCenter (4.1.1):
    - AppCenter/Analytics (= 4.1.1)
    - AppCenter/Crashes (= 4.1.1)
  - AppCenter/Analytics (4.1.1):
    - AppCenter/Core
  - AppCenter/Core (4.1.1)
  - AppCenter/Crashes (4.1.1):
    - AppCenter/Core
  - Flutter (1.0.0)
  - Rudder (1.0.12)
  - Rudder-AppCenter (1.0.1):
    - AppCenter
    - Rudder
  - rudder_integration_appcenter_flutter (0.0.1):
    - Flutter
    - Rudder-AppCenter
  - rudder_sdk_flutter (0.0.1):
    - Flutter
    - Rudder

DEPENDENCIES:
  - Flutter (from `Flutter`)
  - rudder_integration_appcenter_flutter (from `.symlinks/plugins/rudder_integration_appcenter_flutter/ios`)
  - rudder_sdk_flutter (from `.symlinks/plugins/rudder_sdk_flutter/ios`)

SPEC REPOS:
  trunk:
    - AppCenter
    - Rudder
    - Rudder-AppCenter

EXTERNAL SOURCES:
  Flutter:
    :path: Flutter
  rudder_integration_appcenter_flutter:
    :path: ".symlinks/plugins/rudder_integration_appcenter_flutter/ios"
  rudder_sdk_flutter:
    :path: ".symlinks/plugins/rudder_sdk_flutter/ios"

SPEC CHECKSUMS:
  AppCenter: cd53e3ed3563cc720bcb806c9731a12389b40d44
  Flutter: 434fef37c0980e73bb6479ef766c45957d4b510c
  Rudder: c3b7d8061c51d05b3f74d177656bf596c4a614dc
  Rudder-AppCenter: 9eca9241e3707a0e9610714dd91dc8da4bae7e1f
  rudder_integration_appcenter_flutter: b5061ec26ce1aa578a1acfd730d9df3b86a9e8dd
  rudder_sdk_flutter: dbae7c82043e256b4326a99d2f8d8059826028cf

PODFILE CHECKSUM: b1f7a399522c118a74b177b13c01eca692aa7e6d

COCOAPODS: 1.10.1
