PODS:
  - AppCenter (4.4.2):
    - AppCenter/Analytics (= 4.4.2)
    - AppCenter/Crashes (= 4.4.2)
  - AppCenter/Analytics (4.4.2):
    - AppCenter/Core
  - AppCenter/Core (4.4.2)
  - AppCenter/Crashes (4.4.2):
    - AppCenter/Core
  - Flutter (1.0.0)
  - Rudder (1.6.2)
  - Rudder-AppCenter (1.0.1):
    - AppCenter
    - Rudder
  - rudder_integration_appcenter_flutter (0.0.1):
    - Flutter
    - Rudder-AppCenter
  - rudder_plugin_ios (0.0.1):
    - Flutter
    - Rudder (~> 1.0)

DEPENDENCIES:
  - Flutter (from `Flutter`)
  - rudder_integration_appcenter_flutter (from `.symlinks/plugins/rudder_integration_appcenter_flutter/ios`)
  - rudder_plugin_ios (from `.symlinks/plugins/rudder_plugin_ios/ios`)

SPEC REPOS:
  trunk:
    - AppCenter
    - Rudder
    - Rudder-AppCenter

EXTERNAL SOURCES:
  Flutter:
    :path: Flutter
  rudder_integration_appcenter_flutter:
    :path: ".symlinks/plugins/rudder_integration_appcenter_flutter/ios"
  rudder_plugin_ios:
    :path: ".symlinks/plugins/rudder_plugin_ios/ios"

SPEC CHECKSUMS:
  AppCenter: b0eca112a27b71e97488ffa1949ee38c7abd4b79
  Flutter: 50d75fe2f02b26cc09d224853bb45737f8b3214a
  Rudder: 4c3c00d9b45ccdf3330d9c7de5e84dd5acaebcd1
  Rudder-AppCenter: 9eca9241e3707a0e9610714dd91dc8da4bae7e1f
  rudder_integration_appcenter_flutter: 3fd4c049807818c76c5ecb8c2ab90b453b7ebb77
  rudder_plugin_ios: f8fd3ba47e63276b82229f391cfc3317ef1c4a29

PODFILE CHECKSUM: c828106a054d27aae8b2872e20bfd100c5f77425

COCOAPODS: 1.11.3
