PODS:
  - Flutter (1.0.0)
  - rudder_sdk_flutter (0.0.1):
    - Flutter

DEPENDENCIES:
  - Flutter (from `Flutter`)
  - rudder_sdk_flutter (from `.symlinks/plugins/rudder_sdk_flutter/ios`)

EXTERNAL SOURCES:
  Flutter:
    :path: Flutter
  rudder_sdk_flutter:
    :path: ".symlinks/plugins/rudder_sdk_flutter/ios"

SPEC CHECKSUMS:
  Flutter: 0e3d915762c693b495b44d77113d4970485de6ec
  rudder_sdk_flutter: a68cbab09860a3e49c5a6bcba813312440691f9c

PODFILE CHECKSUM: 8e679eca47255a8ca8067c4c67aab20e64cb974d

COCOAPODS: 1.10.0
