PODS:
  - Flutter (1.0.0)
  - Rudder (1.0.11)
  - rudder_sdk_flutter (0.0.1):
    - Flutter

DEPENDENCIES:
  - Flutter (from `Flutter`)
  - Rudder
  - rudder_sdk_flutter (from `.symlinks/plugins/rudder_sdk_flutter/ios`)

SPEC REPOS:
  trunk:
    - Rudder

EXTERNAL SOURCES:
  Flutter:
    :path: Flutter
  rudder_sdk_flutter:
    :path: ".symlinks/plugins/rudder_sdk_flutter/ios"

SPEC CHECKSUMS:
  Flutter: 0e3d915762c693b495b44d77113d4970485de6ec
  Rudder: ef340f877a39653f19e69124dffae12fde3f881b
  rudder_sdk_flutter: a68cbab09860a3e49c5a6bcba813312440691f9c

PODFILE CHECKSUM: b3f5665b9e4dc74f418c2ad94a5a7b6250ecffc2

COCOAPODS: 1.10.0
